// !$*UTF8*$!
{
	archiveVersion = 1;
	classes = {
	};
	objectVersion = 46;
	objects = {

/* Begin PBXBuildFile section */
		6B0883941F95610E003DB3BC /* AppDelegate.swift in Sources */ = {isa = PBXBuildFile; fileRef = 6B0883931F95610E003DB3BC /* AppDelegate.swift */; };
		6B0883961F95610E003DB3BC /* ViewController.swift in Sources */ = {isa = PBXBuildFile; fileRef = 6B0883951F95610E003DB3BC /* ViewController.swift */; };
		6B0883991F95610F003DB3BC /* Main.storyboard in Resources */ = {isa = PBXBuildFile; fileRef = 6B0883971F95610F003DB3BC /* Main.storyboard */; };
		6B08839B1F95610F003DB3BC /* Assets.xcassets in Resources */ = {isa = PBXBuildFile; fileRef = 6B08839A1F95610F003DB3BC /* Assets.xcassets */; };
		6B08839E1F95610F003DB3BC /* LaunchScreen.storyboard in Resources */ = {isa = PBXBuildFile; fileRef = 6B08839C1F95610F003DB3BC /* LaunchScreen.storyboard */; };
		6B1DBC3E1FC775820016C03A /* CorrectDing.wav in Resources */ = {isa = PBXBuildFile; fileRef = 6B1DBC3C1FC775820016C03A /* CorrectDing.wav */; };
		6B1DBC3F1FC775820016C03A /* IncorrectBuzz.wav in Resources */ = {isa = PBXBuildFile; fileRef = 6B1DBC3D1FC775820016C03A /* IncorrectBuzz.wav */; };
		6BB843B11F9AF66B0053671C /* TimerHelper.swift in Sources */ = {isa = PBXBuildFile; fileRef = 6BB843B01F9AF66B0053671C /* TimerHelper.swift */; };
		6BB843B71F9D32040053671C /* AudioHelper.swift in Sources */ = {isa = PBXBuildFile; fileRef = 6BB843B61F9D32040053671C /* AudioHelper.swift */; };
		6BB843B91F9D73F60053671C /* GameHelper.swift in Sources */ = {isa = PBXBuildFile; fileRef = 6BB843B81F9D73F60053671C /* GameHelper.swift */; };
		6BB843BB1FA2398C0053671C /* GameModel.swift in Sources */ = {isa = PBXBuildFile; fileRef = 6BB843BA1FA2398C0053671C /* GameModel.swift */; };
		6BB843E01FB7A59F0053671C /* EventData.plist in Resources */ = {isa = PBXBuildFile; fileRef = 6BB843B21F9AFED80053671C /* EventData.plist */; };
		6BB844001FB969810053671C /* WebController.swift in Sources */ = {isa = PBXBuildFile; fileRef = 6BB843FF1FB969810053671C /* WebController.swift */; };
/* End PBXBuildFile section */

/* Begin PBXFileReference section */
		6B0883901F95610E003DB3BC /* Bout Time.app */ = {isa = PBXFileReference; explicitFileType = wrapper.application; includeInIndex = 0; path = "Bout Time.app"; sourceTree = BUILT_PRODUCTS_DIR; };
		6B0883931F95610E003DB3BC /* AppDelegate.swift */ = {isa = PBXFileReference; lastKnownFileType = sourcecode.swift; path = AppDelegate.swift; sourceTree = "<group>"; };
		6B0883951F95610E003DB3BC /* ViewController.swift */ = {isa = PBXFileReference; lastKnownFileType = sourcecode.swift; path = ViewController.swift; sourceTree = "<group>"; };
		6B0883981F95610F003DB3BC /* Base */ = {isa = PBXFileReference; lastKnownFileType = file.storyboard; name = Base; path = Base.lproj/Main.storyboard; sourceTree = "<group>"; };
		6B08839A1F95610F003DB3BC /* Assets.xcassets */ = {isa = PBXFileReference; lastKnownFileType = folder.assetcatalog; path = Assets.xcassets; sourceTree = "<group>"; };
		6B08839D1F95610F003DB3BC /* Base */ = {isa = PBXFileReference; lastKnownFileType = file.storyboard; name = Base; path = Base.lproj/LaunchScreen.storyboard; sourceTree = "<group>"; };
		6B08839F1F95610F003DB3BC /* Info.plist */ = {isa = PBXFileReference; lastKnownFileType = text.plist.xml; path = Info.plist; sourceTree = "<group>"; };
		6B1DBC3C1FC775820016C03A /* CorrectDing.wav */ = {isa = PBXFileReference; lastKnownFileType = audio.wav; name = CorrectDing.wav; path = ../../../../Downloads/BoutTimeAssetsAndMockups/AudioClips/CorrectDing.wav; sourceTree = "<group>"; };
		6B1DBC3D1FC775820016C03A /* IncorrectBuzz.wav */ = {isa = PBXFileReference; lastKnownFileType = audio.wav; name = IncorrectBuzz.wav; path = ../../../../Downloads/BoutTimeAssetsAndMockups/AudioClips/IncorrectBuzz.wav; sourceTree = "<group>"; };
		6BB843B01F9AF66B0053671C /* TimerHelper.swift */ = {isa = PBXFileReference; fileEncoding = 4; lastKnownFileType = sourcecode.swift; path = TimerHelper.swift; sourceTree = "<group>"; };
		6BB843B21F9AFED80053671C /* EventData.plist */ = {isa = PBXFileReference; fileEncoding = 4; lastKnownFileType = text.plist.xml; path = EventData.plist; sourceTree = "<group>"; };
		6BB843B61F9D32040053671C /* AudioHelper.swift */ = {isa = PBXFileReference; fileEncoding = 4; lastKnownFileType = sourcecode.swift; path = AudioHelper.swift; sourceTree = "<group>"; };
		6BB843B81F9D73F60053671C /* GameHelper.swift */ = {isa = PBXFileReference; fileEncoding = 4; lastKnownFileType = sourcecode.swift; path = GameHelper.swift; sourceTree = "<group>"; };
		6BB843BA1FA2398C0053671C /* GameModel.swift */ = {isa = PBXFileReference; fileEncoding = 4; lastKnownFileType = sourcecode.swift; name = GameModel.swift; path = ../GameModel.swift; sourceTree = "<group>"; };
		6BB843FF1FB969810053671C /* WebController.swift */ = {isa = PBXFileReference; fileEncoding = 4; lastKnownFileType = sourcecode.swift; path = WebController.swift; sourceTree = "<group>"; };
/* End PBXFileReference section */

/* Begin PBXFrameworksBuildPhase section */
		6B08838D1F95610E003DB3BC /* Frameworks */ = {
			isa = PBXFrameworksBuildPhase;
			buildActionMask = 2147483647;
			files = (
			);
			runOnlyForDeploymentPostprocessing = 0;
		};
/* End PBXFrameworksBuildPhase section */

/* Begin PBXGroup section */
		6B0883871F95610E003DB3BC = {
			isa = PBXGroup;
			children = (
				6B0883921F95610E003DB3BC /* Bout Time */,
				6B0883911F95610E003DB3BC /* Products */,
			);
			sourceTree = "<group>";
		};
		6B0883911F95610E003DB3BC /* Products */ = {
			isa = PBXGroup;
			children = (
				6B0883901F95610E003DB3BC /* Bout Time.app */,
			);
			name = Products;
			sourceTree = "<group>";
		};
		6B0883921F95610E003DB3BC /* Bout Time */ = {
			isa = PBXGroup;
			children = (
				6B0883931F95610E003DB3BC /* AppDelegate.swift */,
				6B0883951F95610E003DB3BC /* ViewController.swift */,
				6BB843FF1FB969810053671C /* WebController.swift */,
				6BB843B81F9D73F60053671C /* GameHelper.swift */,
				6BB843BA1FA2398C0053671C /* GameModel.swift */,
				6BB843B01F9AF66B0053671C /* TimerHelper.swift */,
				6B0883971F95610F003DB3BC /* Main.storyboard */,
				6B08839A1F95610F003DB3BC /* Assets.xcassets */,
				6BB843B61F9D32040053671C /* AudioHelper.swift */,
				6B08839C1F95610F003DB3BC /* LaunchScreen.storyboard */,
				6B1DBC3C1FC775820016C03A /* CorrectDing.wav */,
				6B1DBC3D1FC775820016C03A /* IncorrectBuzz.wav */,
				6BB843B21F9AFED80053671C /* EventData.plist */,
				6B08839F1F95610F003DB3BC /* Info.plist */,
			);
			path = "Bout Time";
			sourceTree = "<group>";
		};
/* End PBXGroup section */

/* Begin PBXNativeTarget section */
		6B08838F1F95610E003DB3BC /* Bout Time */ = {
			isa = PBXNativeTarget;
			buildConfigurationList = 6B0883A21F95610F003DB3BC /* Build configuration list for PBXNativeTarget "Bout Time" */;
			buildPhases = (
				6B08838C1F95610E003DB3BC /* Sources */,
				6B08838D1F95610E003DB3BC /* Frameworks */,
				6B08838E1F95610E003DB3BC /* Resources */,
			);
			buildRules = (
			);
			dependencies = (
			);
			name = "Bout Time";
			productName = "Bout Time";
			productReference = 6B0883901F95610E003DB3BC /* Bout Time.app */;
			productType = "com.apple.product-type.application";
		};
/* End PBXNativeTarget section */

/* Begin PBXProject section */
		6B0883881F95610E003DB3BC /* Project object */ = {
			isa = PBXProject;
			attributes = {
				LastSwiftUpdateCheck = 0830;
				LastUpgradeCheck = 0830;
				ORGANIZATIONNAME = OedipusRexed;
				TargetAttributes = {
					6B08838F1F95610E003DB3BC = {
						CreatedOnToolsVersion = 8.3.3;
						DevelopmentTeam = JA642DVQ58;
						ProvisioningStyle = Automatic;
					};
				};
			};
			buildConfigurationList = 6B08838B1F95610E003DB3BC /* Build configuration list for PBXProject "Bout Time" */;
			compatibilityVersion = "Xcode 3.2";
			developmentRegion = English;
			hasScannedForEncodings = 0;
			knownRegions = (
				en,
				Base,
			);
			mainGroup = 6B0883871F95610E003DB3BC;
			productRefGroup = 6B0883911F95610E003DB3BC /* Products */;
			projectDirPath = "";
			projectRoot = "";
			targets = (
				6B08838F1F95610E003DB3BC /* Bout Time */,
			);
		};
/* End PBXProject section */

/* Begin PBXResourcesBuildPhase section */
		6B08838E1F95610E003DB3BC /* Resources */ = {
			isa = PBXResourcesBuildPhase;
			buildActionMask = 2147483647;
			files = (
				6B1DBC3E1FC775820016C03A /* CorrectDing.wav in Resources */,
				6B08839E1F95610F003DB3BC /* LaunchScreen.storyboard in Resources */,
				6BB843E01FB7A59F0053671C /* EventData.plist in Resources */,
				6B1DBC3F1FC775820016C03A /* IncorrectBuzz.wav in Resources */,
				6B08839B1F95610F003DB3BC /* Assets.xcassets in Resources */,
				6B0883991F95610F003DB3BC /* Main.storyboard in Resources */,
			);
			runOnlyForDeploymentPostprocessing = 0;
		};
/* End PBXResourcesBuildPhase section */

/* Begin PBXSourcesBuildPhase section */
		6B08838C1F95610E003DB3BC /* Sources */ = {
			isa = PBXSourcesBuildPhase;
			buildActionMask = 2147483647;
			files = (
				6BB843B11F9AF66B0053671C /* TimerHelper.swift in Sources */,
				6B0883961F95610E003DB3BC /* ViewController.swift in Sources */,
				6B0883941F95610E003DB3BC /* AppDelegate.swift in Sources */,
				6BB844001FB969810053671C /* WebController.swift in Sources */,
				6BB843B71F9D32040053671C /* AudioHelper.swift in Sources */,
				6BB843B91F9D73F60053671C /* GameHelper.swift in Sources */,
				6BB843BB1FA2398C0053671C /* GameModel.swift in Sources */,
			);
			runOnlyForDeploymentPostprocessing = 0;
		};
/* End PBXSourcesBuildPhase section */

/* Begin PBXVariantGroup section */
		6B0883971F95610F003DB3BC /* Main.storyboard */ = {
			isa = PBXVariantGroup;
			children = (
				6B0883981F95610F003DB3BC /* Base */,
			);
			name = Main.storyboard;
			sourceTree = "<group>";
		};
		6B08839C1F95610F003DB3BC /* LaunchScreen.storyboard */ = {
			isa = PBXVariantGroup;
			children = (
				6B08839D1F95610F003DB3BC /* Base */,
			);
			name = LaunchScreen.storyboard;
			sourceTree = "<group>";
		};
/* End PBXVariantGroup section */

/* Begin XCBuildConfiguration section */
		6B0883A01F95610F003DB3BC /* Debug */ = {
			isa = XCBuildConfiguration;
			buildSettings = {
				ALWAYS_SEARCH_USER_PATHS = NO;
				CLANG_ANALYZER_NONNULL = YES;
				CLANG_ANALYZER_NUMBER_OBJECT_CONVERSION = YES_AGGRESSIVE;
				CLANG_CXX_LANGUAGE_STANDARD = "gnu++0x";
				CLANG_CXX_LIBRARY = "libc++";
				CLANG_ENABLE_MODULES = YES;
				CLANG_ENABLE_OBJC_ARC = YES;
				CLANG_WARN_BOOL_CONVERSION = YES;
				CLANG_WARN_CONSTANT_CONVERSION = YES;
				CLANG_WARN_DIRECT_OBJC_ISA_USAGE = YES_ERROR;
				CLANG_WARN_DOCUMENTATION_COMMENTS = YES;
				CLANG_WARN_EMPTY_BODY = YES;
				CLANG_WARN_ENUM_CONVERSION = YES;
				CLANG_WARN_INFINITE_RECURSION = YES;
				CLANG_WARN_INT_CONVERSION = YES;
				CLANG_WARN_OBJC_ROOT_CLASS = YES_ERROR;
				CLANG_WARN_SUSPICIOUS_MOVE = YES;
				CLANG_WARN_UNREACHABLE_CODE = YES;
				CLANG_WARN__DUPLICATE_METHOD_MATCH = YES;
				"CODE_SIGN_IDENTITY[sdk=iphoneos*]" = "iPhone Developer";
				COPY_PHASE_STRIP = NO;
				DEBUG_INFORMATION_FORMAT = dwarf;
				ENABLE_STRICT_OBJC_MSGSEND = YES;
				ENABLE_TESTABILITY = YES;
				GCC_C_LANGUAGE_STANDARD = gnu99;
				GCC_DYNAMIC_NO_PIC = NO;
				GCC_NO_COMMON_BLOCKS = YES;
				GCC_OPTIMIZATION_LEVEL = 0;
				GCC_PREPROCESSOR_DEFINITIONS = (
					"DEBUG=1",
					"$(inherited)",
				);
				GCC_WARN_64_TO_32_BIT_CONVERSION = YES;
				GCC_WARN_ABOUT_RETURN_TYPE = YES_ERROR;
				GCC_WARN_UNDECLARED_SELECTOR = YES;
				GCC_WARN_UNINITIALIZED_AUTOS = YES_AGGRESSIVE;
				GCC_WARN_UNUSED_FUNCTION = YES;
				GCC_WARN_UNUSED_VARIABLE = YES;
				IPHONEOS_DEPLOYMENT_TARGET = 10.3;
				MTL_ENABLE_DEBUG_INFO = YES;
				ONLY_ACTIVE_ARCH = YES;
				SDKROOT = iphoneos;
				SWIFT_ACTIVE_COMPILATION_CONDITIONS = DEBUG;
				SWIFT_OPTIMIZATION_LEVEL = "-Onone";
			};
			name = Debug;
		};
		6B0883A11F95610F003DB3BC /* Release */ = {
			isa = XCBuildConfiguration;
			buildSettings = {
				ALWAYS_SEARCH_USER_PATHS = NO;
				CLANG_ANALYZER_NONNULL = YES;
				CLANG_ANALYZER_NUMBER_OBJECT_CONVERSION = YES_AGGRESSIVE;
				CLANG_CXX_LANGUAGE_STANDARD = "gnu++0x";
				CLANG_CXX_LIBRARY = "libc++";
				CLANG_ENABLE_MODULES = YES;
				CLANG_ENABLE_OBJC_ARC = YES;
				CLANG_WARN_BOOL_CONVERSION = YES;
				CLANG_WARN_CONSTANT_CONVERSION = YES;
				CLANG_WARN_DIRECT_OBJC_ISA_USAGE = YES_ERROR;
				CLANG_WARN_DOCUMENTATION_COMMENTS = YES;
				CLANG_WARN_EMPTY_BODY = YES;
				CLANG_WARN_ENUM_CONVERSION = YES;
				CLANG_WARN_INFINITE_RECURSION = YES;
				CLANG_WARN_INT_CONVERSION = YES;
				CLANG_WARN_OBJC_ROOT_CLASS = YES_ERROR;
				CLANG_WARN_SUSPICIOUS_MOVE = YES;
				CLANG_WARN_UNREACHABLE_CODE = YES;
				CLANG_WARN__DUPLICATE_METHOD_MATCH = YES;
				"CODE_SIGN_IDENTITY[sdk=iphoneos*]" = "iPhone Developer";
				COPY_PHASE_STRIP = NO;
				DEBUG_INFORMATION_FORMAT = "dwarf-with-dsym";
				ENABLE_NS_ASSERTIONS = NO;
				ENABLE_STRICT_OBJC_MSGSEND = YES;
				GCC_C_LANGUAGE_STANDARD = gnu99;
				GCC_NO_COMMON_BLOCKS = YES;
				GCC_WARN_64_TO_32_BIT_CONVERSION = YES;
				GCC_WARN_ABOUT_RETURN_TYPE = YES_ERROR;
				GCC_WARN_UNDECLARED_SELECTOR = YES;
				GCC_WARN_UNINITIALIZED_AUTOS = YES_AGGRESSIVE;
				GCC_WARN_UNUSED_FUNCTION = YES;
				GCC_WARN_UNUSED_VARIABLE = YES;
				IPHONEOS_DEPLOYMENT_TARGET = 10.3;
				MTL_ENABLE_DEBUG_INFO = NO;
				SDKROOT = iphoneos;
				SWIFT_OPTIMIZATION_LEVEL = "-Owholemodule";
				VALIDATE_PRODUCT = YES;
			};
			name = Release;
		};
		6B0883A31F95610F003DB3BC /* Debug */ = {
			isa = XCBuildConfiguration;
			buildSettings = {
				ASSETCATALOG_COMPILER_APPICON_NAME = AppIcon;
				DEVELOPMENT_TEAM = JA642DVQ58;
				INFOPLIST_FILE = "Bout Time/Info.plist";
				LD_RUNPATH_SEARCH_PATHS = "$(inherited) @executable_path/Frameworks";
				PRODUCT_BUNDLE_IDENTIFIER = "com.OedipusRexed.Bout-Time";
				PRODUCT_NAME = "$(TARGET_NAME)";
				SWIFT_VERSION = 3.0;
			};
			name = Debug;
		};
		6B0883A41F95610F003DB3BC /* Release */ = {
			isa = XCBuildConfiguration;
			buildSettings = {
				ASSETCATALOG_COMPILER_APPICON_NAME = AppIcon;
				DEVELOPMENT_TEAM = JA642DVQ58;
				INFOPLIST_FILE = "Bout Time/Info.plist";
				LD_RUNPATH_SEARCH_PATHS = "$(inherited) @executable_path/Frameworks";
				PRODUCT_BUNDLE_IDENTIFIER = "com.OedipusRexed.Bout-Time";
				PRODUCT_NAME = "$(TARGET_NAME)";
				SWIFT_VERSION = 3.0;
			};
			name = Release;
		};
/* End XCBuildConfiguration section */

/* Begin XCConfigurationList section */
		6B08838B1F95610E003DB3BC /* Build configuration list for PBXProject "Bout Time" */ = {
			isa = XCConfigurationList;
			buildConfigurations = (
				6B0883A01F95610F003DB3BC /* Debug */,
				6B0883A11F95610F003DB3BC /* Release */,
			);
			defaultConfigurationIsVisible = 0;
			defaultConfigurationName = Release;
		};
		6B0883A21F95610F003DB3BC /* Build configuration list for PBXNativeTarget "Bout Time" */ = {
			isa = XCConfigurationList;
			buildConfigurations = (
				6B0883A31F95610F003DB3BC /* Debug */,
				6B0883A41F95610F003DB3BC /* Release */,
			);
			defaultConfigurationIsVisible = 0;
			defaultConfigurationName = Release;
		};
/* End XCConfigurationList section */
	};
	rootObject = 6B0883881F95610E003DB3BC /* Project object */;
}
